// !$*UTF8*$!
{
	archiveVersion = 1;
	classes = {
	};
	objectVersion = 55;
	objects = {

/* Begin PBXBuildFile section */
		D00B28552886401000BCE600 /* Search.storyboard in Resources */ = {isa = PBXBuildFile; fileRef = D00B28542886401000BCE600 /* Search.storyboard */; };
		D00B28582886404500BCE600 /* Trend.storyboard in Resources */ = {isa = PBXBuildFile; fileRef = D00B28572886404500BCE600 /* Trend.storyboard */; };
		D00B285A2886407A00BCE600 /* Intro.storyboard in Resources */ = {isa = PBXBuildFile; fileRef = D00B28592886407A00BCE600 /* Intro.storyboard */; };
		D00B285C288643F800BCE600 /* TrendViewController.swift in Sources */ = {isa = PBXBuildFile; fileRef = D00B285B288643F800BCE600 /* TrendViewController.swift */; };
		D00B28602886453200BCE600 /* UIViewController+Extention.swift in Sources */ = {isa = PBXBuildFile; fileRef = D00B285F2886453200BCE600 /* UIViewController+Extention.swift */; };
		D01E938F288549B50030FAD9 /* KakaoSettingModel.swift in Sources */ = {isa = PBXBuildFile; fileRef = D01E938E288549B50030FAD9 /* KakaoSettingModel.swift */; };
		D086934D28867DD00003FF88 /* Shopping.storyboard in Resources */ = {isa = PBXBuildFile; fileRef = D086934C28867DD00003FF88 /* Shopping.storyboard */; };
		D086934F28867E160003FF88 /* ShoppingTableViewController.swift in Sources */ = {isa = PBXBuildFile; fileRef = D086934E28867E160003FF88 /* ShoppingTableViewController.swift */; };
		D08A29042885342F00F65886 /* KakaoSettingTableViewController.swift in Sources */ = {isa = PBXBuildFile; fileRef = D08A29032885342F00F65886 /* KakaoSettingTableViewController.swift */; };
		D0C25ACA288682F4002AB8E8 /* ShoppingListManager.swift in Sources */ = {isa = PBXBuildFile; fileRef = D0C25AC9288682F4002AB8E8 /* ShoppingListManager.swift */; };
		D0C25ACC28868A0A002AB8E8 /* ShoppingTableViewCell.swift in Sources */ = {isa = PBXBuildFile; fileRef = D0C25ACB28868A0A002AB8E8 /* ShoppingTableViewCell.swift */; };
		D0C25ACE28869C35002AB8E8 /* SearchTableViewController.swift in Sources */ = {isa = PBXBuildFile; fileRef = D0C25ACD28869C35002AB8E8 /* SearchTableViewController.swift */; };
		D0C25AD028869DA1002AB8E8 /* SearchTableViewCell.swift in Sources */ = {isa = PBXBuildFile; fileRef = D0C25ACF28869DA1002AB8E8 /* SearchTableViewCell.swift */; };
		D0D7DC132886478B006A435D /* UITextField+Extension.swift in Sources */ = {isa = PBXBuildFile; fileRef = D0D7DC122886478B006A435D /* UITextField+Extension.swift */; };
		D0D7DC1628864B98006A435D /* BucketListTableViewController.swift in Sources */ = {isa = PBXBuildFile; fileRef = D0D7DC1528864B98006A435D /* BucketListTableViewController.swift */; };
		D0D7DC1828864DA5006A435D /* BucketListTableViewCell.swift in Sources */ = {isa = PBXBuildFile; fileRef = D0D7DC1728864DA5006A435D /* BucketListTableViewCell.swift */; };
		D0DA44D52884DDED00D12714 /* AppDelegate.swift in Sources */ = {isa = PBXBuildFile; fileRef = D0DA44D42884DDED00D12714 /* AppDelegate.swift */; };
		D0DA44D72884DDED00D12714 /* SceneDelegate.swift in Sources */ = {isa = PBXBuildFile; fileRef = D0DA44D62884DDED00D12714 /* SceneDelegate.swift */; };
		D0DA44D92884DDED00D12714 /* ViewController.swift in Sources */ = {isa = PBXBuildFile; fileRef = D0DA44D82884DDED00D12714 /* ViewController.swift */; };
		D0DA44DC2884DDED00D12714 /* Main.storyboard in Resources */ = {isa = PBXBuildFile; fileRef = D0DA44DA2884DDED00D12714 /* Main.storyboard */; };
		D0DA44DE2884DDEE00D12714 /* Assets.xcassets in Resources */ = {isa = PBXBuildFile; fileRef = D0DA44DD2884DDEE00D12714 /* Assets.xcassets */; };
		D0DA44E12884DDEE00D12714 /* LaunchScreen.storyboard in Resources */ = {isa = PBXBuildFile; fileRef = D0DA44DF2884DDEE00D12714 /* LaunchScreen.storyboard */; };
		D0DA44E92884F10A00D12714 /* Home.storyboard in Resources */ = {isa = PBXBuildFile; fileRef = D0DA44E82884F10A00D12714 /* Home.storyboard */; };
		D0DA44EB2884FE3C00D12714 /* SettingTableViewController.swift in Sources */ = {isa = PBXBuildFile; fileRef = D0DA44EA2884FE3C00D12714 /* SettingTableViewController.swift */; };
		D0DA44ED28850FCE00D12714 /* Setting.storyboard in Resources */ = {isa = PBXBuildFile; fileRef = D0DA44EC28850FCE00D12714 /* Setting.storyboard */; };
/* End PBXBuildFile section */

/* Begin PBXFileReference section */
		D00B28542886401000BCE600 /* Search.storyboard */ = {isa = PBXFileReference; lastKnownFileType = file.storyboard; path = Search.storyboard; sourceTree = "<group>"; };
		D00B28572886404500BCE600 /* Trend.storyboard */ = {isa = PBXFileReference; lastKnownFileType = file.storyboard; path = Trend.storyboard; sourceTree = "<group>"; };
		D00B28592886407A00BCE600 /* Intro.storyboard */ = {isa = PBXFileReference; lastKnownFileType = file.storyboard; path = Intro.storyboard; sourceTree = "<group>"; };
		D00B285B288643F800BCE600 /* TrendViewController.swift */ = {isa = PBXFileReference; lastKnownFileType = sourcecode.swift; path = TrendViewController.swift; sourceTree = "<group>"; };
		D00B285F2886453200BCE600 /* UIViewController+Extention.swift */ = {isa = PBXFileReference; lastKnownFileType = sourcecode.swift; path = "UIViewController+Extention.swift"; sourceTree = "<group>"; };
		D01E938E288549B50030FAD9 /* KakaoSettingModel.swift */ = {isa = PBXFileReference; lastKnownFileType = sourcecode.swift; path = KakaoSettingModel.swift; sourceTree = "<group>"; };
		D086934C28867DD00003FF88 /* Shopping.storyboard */ = {isa = PBXFileReference; lastKnownFileType = file.storyboard; path = Shopping.storyboard; sourceTree = "<group>"; };
		D086934E28867E160003FF88 /* ShoppingTableViewController.swift */ = {isa = PBXFileReference; lastKnownFileType = sourcecode.swift; path = ShoppingTableViewController.swift; sourceTree = "<group>"; };
		D08A29032885342F00F65886 /* KakaoSettingTableViewController.swift */ = {isa = PBXFileReference; lastKnownFileType = sourcecode.swift; path = KakaoSettingTableViewController.swift; sourceTree = "<group>"; };
		D0C25AC9288682F4002AB8E8 /* ShoppingListManager.swift */ = {isa = PBXFileReference; lastKnownFileType = sourcecode.swift; path = ShoppingListManager.swift; sourceTree = "<group>"; };
		D0C25ACB28868A0A002AB8E8 /* ShoppingTableViewCell.swift */ = {isa = PBXFileReference; lastKnownFileType = sourcecode.swift; path = ShoppingTableViewCell.swift; sourceTree = "<group>"; };
		D0C25ACD28869C35002AB8E8 /* SearchTableViewController.swift */ = {isa = PBXFileReference; lastKnownFileType = sourcecode.swift; path = SearchTableViewController.swift; sourceTree = "<group>"; };
		D0C25ACF28869DA1002AB8E8 /* SearchTableViewCell.swift */ = {isa = PBXFileReference; lastKnownFileType = sourcecode.swift; path = SearchTableViewCell.swift; sourceTree = "<group>"; };
		D0D7DC122886478B006A435D /* UITextField+Extension.swift */ = {isa = PBXFileReference; lastKnownFileType = sourcecode.swift; path = "UITextField+Extension.swift"; sourceTree = "<group>"; };
		D0D7DC1528864B98006A435D /* BucketListTableViewController.swift */ = {isa = PBXFileReference; lastKnownFileType = sourcecode.swift; path = BucketListTableViewController.swift; sourceTree = "<group>"; };
		D0D7DC1728864DA5006A435D /* BucketListTableViewCell.swift */ = {isa = PBXFileReference; lastKnownFileType = sourcecode.swift; path = BucketListTableViewCell.swift; sourceTree = "<group>"; };
		D0DA44D12884DDED00D12714 /* SeSac3TrendMedia.app */ = {isa = PBXFileReference; explicitFileType = wrapper.application; includeInIndex = 0; path = SeSac3TrendMedia.app; sourceTree = BUILT_PRODUCTS_DIR; };
		D0DA44D42884DDED00D12714 /* AppDelegate.swift */ = {isa = PBXFileReference; lastKnownFileType = sourcecode.swift; path = AppDelegate.swift; sourceTree = "<group>"; };
		D0DA44D62884DDED00D12714 /* SceneDelegate.swift */ = {isa = PBXFileReference; lastKnownFileType = sourcecode.swift; path = SceneDelegate.swift; sourceTree = "<group>"; };
		D0DA44D82884DDED00D12714 /* ViewController.swift */ = {isa = PBXFileReference; lastKnownFileType = sourcecode.swift; path = ViewController.swift; sourceTree = "<group>"; };
		D0DA44DB2884DDED00D12714 /* Base */ = {isa = PBXFileReference; lastKnownFileType = file.storyboard; name = Base; path = Base.lproj/Main.storyboard; sourceTree = "<group>"; };
		D0DA44DD2884DDEE00D12714 /* Assets.xcassets */ = {isa = PBXFileReference; lastKnownFileType = folder.assetcatalog; path = Assets.xcassets; sourceTree = "<group>"; };
		D0DA44E02884DDEE00D12714 /* Base */ = {isa = PBXFileReference; lastKnownFileType = file.storyboard; name = Base; path = Base.lproj/LaunchScreen.storyboard; sourceTree = "<group>"; };
		D0DA44E22884DDEE00D12714 /* Info.plist */ = {isa = PBXFileReference; lastKnownFileType = text.plist.xml; path = Info.plist; sourceTree = "<group>"; };
		D0DA44E82884F10A00D12714 /* Home.storyboard */ = {isa = PBXFileReference; lastKnownFileType = file.storyboard; path = Home.storyboard; sourceTree = "<group>"; };
		D0DA44EA2884FE3C00D12714 /* SettingTableViewController.swift */ = {isa = PBXFileReference; lastKnownFileType = sourcecode.swift; path = SettingTableViewController.swift; sourceTree = "<group>"; };
		D0DA44EC28850FCE00D12714 /* Setting.storyboard */ = {isa = PBXFileReference; lastKnownFileType = file.storyboard; path = Setting.storyboard; sourceTree = "<group>"; };
/* End PBXFileReference section */

/* Begin PBXFrameworksBuildPhase section */
		D0DA44CE2884DDED00D12714 /* Frameworks */ = {
			isa = PBXFrameworksBuildPhase;
			buildActionMask = 2147483647;
			files = (
			);
			runOnlyForDeploymentPostprocessing = 0;
		};
/* End PBXFrameworksBuildPhase section */

/* Begin PBXGroup section */
		D086934728867D4A0003FF88 /* Trend & BucketList */ = {
			isa = PBXGroup;
			children = (
				D00B28572886404500BCE600 /* Trend.storyboard */,
				D00B285B288643F800BCE600 /* TrendViewController.swift */,
				D0D7DC1528864B98006A435D /* BucketListTableViewController.swift */,
				D0D7DC1728864DA5006A435D /* BucketListTableViewCell.swift */,
			);
			path = "Trend & BucketList";
			sourceTree = "<group>";
		};
		D086934828867D5F0003FF88 /* Search */ = {
			isa = PBXGroup;
			children = (
				D00B28542886401000BCE600 /* Search.storyboard */,
				D0C25ACD28869C35002AB8E8 /* SearchTableViewController.swift */,
				D0C25ACF28869DA1002AB8E8 /* SearchTableViewCell.swift */,
			);
			path = Search;
			sourceTree = "<group>";
		};
		D086934928867D7A0003FF88 /* KakaoSetting */ = {
			isa = PBXGroup;
			children = (
				D0DA44EC28850FCE00D12714 /* Setting.storyboard */,
				D08A29032885342F00F65886 /* KakaoSettingTableViewController.swift */,
				D01E938E288549B50030FAD9 /* KakaoSettingModel.swift */,
			);
			path = KakaoSetting;
			sourceTree = "<group>";
		};
		D086934A28867D960003FF88 /* New Group */ = {
			isa = PBXGroup;
			children = (
				D0DA44D82884DDED00D12714 /* ViewController.swift */,
				D0DA44DA2884DDED00D12714 /* Main.storyboard */,
			);
			path = "New Group";
			sourceTree = "<group>";
		};
		D086934B28867DB00003FF88 /* Setting */ = {
			isa = PBXGroup;
			children = (
				D0DA44E82884F10A00D12714 /* Home.storyboard */,
				D0DA44EA2884FE3C00D12714 /* SettingTableViewController.swift */,
			);
			path = Setting;
			sourceTree = "<group>";
		};
		D086935028867E270003FF88 /* Shopping */ = {
			isa = PBXGroup;
			children = (
				D086934C28867DD00003FF88 /* Shopping.storyboard */,
				D086934E28867E160003FF88 /* ShoppingTableViewController.swift */,
				D0C25AC9288682F4002AB8E8 /* ShoppingListManager.swift */,
				D0C25ACB28868A0A002AB8E8 /* ShoppingTableViewCell.swift */,
			);
			path = Shopping;
			sourceTree = "<group>";
		};
		D08A2902288533FC00F65886 /* Life Cycle */ = {
			isa = PBXGroup;
			children = (
				D0DA44D42884DDED00D12714 /* AppDelegate.swift */,
				D0DA44D62884DDED00D12714 /* SceneDelegate.swift */,
			);
			path = "Life Cycle";
			sourceTree = "<group>";
		};
		D0D7DC1428864B3D006A435D /* Extension */ = {
			isa = PBXGroup;
			children = (
				D00B285F2886453200BCE600 /* UIViewController+Extention.swift */,
				D0D7DC122886478B006A435D /* UITextField+Extension.swift */,
			);
			path = Extension;
			sourceTree = "<group>";
		};
		D0DA44C82884DDED00D12714 = {
			isa = PBXGroup;
			children = (
				D0DA44D32884DDED00D12714 /* SeSac3TrendMedia */,
				D0DA44D22884DDED00D12714 /* Products */,
			);
			sourceTree = "<group>";
		};
		D0DA44D22884DDED00D12714 /* Products */ = {
			isa = PBXGroup;
			children = (
				D0DA44D12884DDED00D12714 /* SeSac3TrendMedia.app */,
			);
			name = Products;
			sourceTree = "<group>";
		};
		D0DA44D32884DDED00D12714 /* SeSac3TrendMedia */ = {
			isa = PBXGroup;
			children = (
				D08A2902288533FC00F65886 /* Life Cycle */,
				D086934A28867D960003FF88 /* New Group */,
				D086934B28867DB00003FF88 /* Setting */,
				D086934928867D7A0003FF88 /* KakaoSetting */,
				D086934828867D5F0003FF88 /* Search */,
				D086934728867D4A0003FF88 /* Trend & BucketList */,
				D086935028867E270003FF88 /* Shopping */,
				D00B28592886407A00BCE600 /* Intro.storyboard */,
				D0D7DC1428864B3D006A435D /* Extension */,
				D0DA44DD2884DDEE00D12714 /* Assets.xcassets */,
				D0DA44DF2884DDEE00D12714 /* LaunchScreen.storyboard */,
				D0DA44E22884DDEE00D12714 /* Info.plist */,
			);
			path = SeSac3TrendMedia;
			sourceTree = "<group>";
		};
/* End PBXGroup section */

/* Begin PBXNativeTarget section */
		D0DA44D02884DDED00D12714 /* SeSac3TrendMedia */ = {
			isa = PBXNativeTarget;
			buildConfigurationList = D0DA44E52884DDEE00D12714 /* Build configuration list for PBXNativeTarget "SeSac3TrendMedia" */;
			buildPhases = (
				D0DA44CD2884DDED00D12714 /* Sources */,
				D0DA44CE2884DDED00D12714 /* Frameworks */,
				D0DA44CF2884DDED00D12714 /* Resources */,
			);
			buildRules = (
			);
			dependencies = (
			);
			name = SeSac3TrendMedia;
			productName = SeSac3TrendMedia;
			productReference = D0DA44D12884DDED00D12714 /* SeSac3TrendMedia.app */;
			productType = "com.apple.product-type.application";
		};
/* End PBXNativeTarget section */

/* Begin PBXProject section */
		D0DA44C92884DDED00D12714 /* Project object */ = {
			isa = PBXProject;
			attributes = {
				BuildIndependentTargetsInParallel = 1;
				LastSwiftUpdateCheck = 1340;
				LastUpgradeCheck = 1340;
				TargetAttributes = {
					D0DA44D02884DDED00D12714 = {
						CreatedOnToolsVersion = 13.4.1;
					};
				};
			};
			buildConfigurationList = D0DA44CC2884DDED00D12714 /* Build configuration list for PBXProject "SeSac3TrendMedia" */;
			compatibilityVersion = "Xcode 13.0";
			developmentRegion = en;
			hasScannedForEncodings = 0;
			knownRegions = (
				en,
				Base,
			);
			mainGroup = D0DA44C82884DDED00D12714;
			productRefGroup = D0DA44D22884DDED00D12714 /* Products */;
			projectDirPath = "";
			projectRoot = "";
			targets = (
				D0DA44D02884DDED00D12714 /* SeSac3TrendMedia */,
			);
		};
/* End PBXProject section */

/* Begin PBXResourcesBuildPhase section */
		D0DA44CF2884DDED00D12714 /* Resources */ = {
			isa = PBXResourcesBuildPhase;
			buildActionMask = 2147483647;
			files = (
				D00B28582886404500BCE600 /* Trend.storyboard in Resources */,
				D0DA44E12884DDEE00D12714 /* LaunchScreen.storyboard in Resources */,
				D0DA44DE2884DDEE00D12714 /* Assets.xcassets in Resources */,
				D00B285A2886407A00BCE600 /* Intro.storyboard in Resources */,
				D0DA44ED28850FCE00D12714 /* Setting.storyboard in Resources */,
				D0DA44DC2884DDED00D12714 /* Main.storyboard in Resources */,
				D086934D28867DD00003FF88 /* Shopping.storyboard in Resources */,
				D00B28552886401000BCE600 /* Search.storyboard in Resources */,
				D0DA44E92884F10A00D12714 /* Home.storyboard in Resources */,
			);
			runOnlyForDeploymentPostprocessing = 0;
		};
/* End PBXResourcesBuildPhase section */

/* Begin PBXSourcesBuildPhase section */
		D0DA44CD2884DDED00D12714 /* Sources */ = {
			isa = PBXSourcesBuildPhase;
			buildActionMask = 2147483647;
			files = (
				D00B28602886453200BCE600 /* UIViewController+Extention.swift in Sources */,
				D0C25ACA288682F4002AB8E8 /* ShoppingListManager.swift in Sources */,
				D0DA44EB2884FE3C00D12714 /* SettingTableViewController.swift in Sources */,
				D08A29042885342F00F65886 /* KakaoSettingTableViewController.swift in Sources */,
				D0DA44D92884DDED00D12714 /* ViewController.swift in Sources */,
				D0D7DC132886478B006A435D /* UITextField+Extension.swift in Sources */,
				D086934F28867E160003FF88 /* ShoppingTableViewController.swift in Sources */,
				D0C25ACE28869C35002AB8E8 /* SearchTableViewController.swift in Sources */,
				D0DA44D52884DDED00D12714 /* AppDelegate.swift in Sources */,
				D00B285C288643F800BCE600 /* TrendViewController.swift in Sources */,
				D0C25ACC28868A0A002AB8E8 /* ShoppingTableViewCell.swift in Sources */,
				D01E938F288549B50030FAD9 /* KakaoSettingModel.swift in Sources */,
				D0D7DC1828864DA5006A435D /* BucketListTableViewCell.swift in Sources */,
				D0C25AD028869DA1002AB8E8 /* SearchTableViewCell.swift in Sources */,
				D0DA44D72884DDED00D12714 /* SceneDelegate.swift in Sources */,
				D0D7DC1628864B98006A435D /* BucketListTableViewController.swift in Sources */,
			);
			runOnlyForDeploymentPostprocessing = 0;
		};
/* End PBXSourcesBuildPhase section */

/* Begin PBXVariantGroup section */
		D0DA44DA2884DDED00D12714 /* Main.storyboard */ = {
			isa = PBXVariantGroup;
			children = (
				D0DA44DB2884DDED00D12714 /* Base */,
			);
			name = Main.storyboard;
			sourceTree = "<group>";
		};
		D0DA44DF2884DDEE00D12714 /* LaunchScreen.storyboard */ = {
			isa = PBXVariantGroup;
			children = (
				D0DA44E02884DDEE00D12714 /* Base */,
			);
			name = LaunchScreen.storyboard;
			sourceTree = "<group>";
		};
/* End PBXVariantGroup section */

/* Begin XCBuildConfiguration section */
		D0DA44E32884DDEE00D12714 /* Debug */ = {
			isa = XCBuildConfiguration;
			buildSettings = {
				ALWAYS_SEARCH_USER_PATHS = NO;
				CLANG_ANALYZER_NONNULL = YES;
				CLANG_ANALYZER_NUMBER_OBJECT_CONVERSION = YES_AGGRESSIVE;
				CLANG_CXX_LANGUAGE_STANDARD = "gnu++17";
				CLANG_ENABLE_MODULES = YES;
				CLANG_ENABLE_OBJC_ARC = YES;
				CLANG_ENABLE_OBJC_WEAK = YES;
				CLANG_WARN_BLOCK_CAPTURE_AUTORELEASING = YES;
				CLANG_WARN_BOOL_CONVERSION = YES;
				CLANG_WARN_COMMA = YES;
				CLANG_WARN_CONSTANT_CONVERSION = YES;
				CLANG_WARN_DEPRECATED_OBJC_IMPLEMENTATIONS = YES;
				CLANG_WARN_DIRECT_OBJC_ISA_USAGE = YES_ERROR;
				CLANG_WARN_DOCUMENTATION_COMMENTS = YES;
				CLANG_WARN_EMPTY_BODY = YES;
				CLANG_WARN_ENUM_CONVERSION = YES;
				CLANG_WARN_INFINITE_RECURSION = YES;
				CLANG_WARN_INT_CONVERSION = YES;
				CLANG_WARN_NON_LITERAL_NULL_CONVERSION = YES;
				CLANG_WARN_OBJC_IMPLICIT_RETAIN_SELF = YES;
				CLANG_WARN_OBJC_LITERAL_CONVERSION = YES;
				CLANG_WARN_OBJC_ROOT_CLASS = YES_ERROR;
				CLANG_WARN_QUOTED_INCLUDE_IN_FRAMEWORK_HEADER = YES;
				CLANG_WARN_RANGE_LOOP_ANALYSIS = YES;
				CLANG_WARN_STRICT_PROTOTYPES = YES;
				CLANG_WARN_SUSPICIOUS_MOVE = YES;
				CLANG_WARN_UNGUARDED_AVAILABILITY = YES_AGGRESSIVE;
				CLANG_WARN_UNREACHABLE_CODE = YES;
				CLANG_WARN__DUPLICATE_METHOD_MATCH = YES;
				COPY_PHASE_STRIP = NO;
				DEBUG_INFORMATION_FORMAT = dwarf;
				ENABLE_STRICT_OBJC_MSGSEND = YES;
				ENABLE_TESTABILITY = YES;
				GCC_C_LANGUAGE_STANDARD = gnu11;
				GCC_DYNAMIC_NO_PIC = NO;
				GCC_NO_COMMON_BLOCKS = YES;
				GCC_OPTIMIZATION_LEVEL = 0;
				GCC_PREPROCESSOR_DEFINITIONS = (
					"DEBUG=1",
					"$(inherited)",
				);
				GCC_WARN_64_TO_32_BIT_CONVERSION = YES;
				GCC_WARN_ABOUT_RETURN_TYPE = YES_ERROR;
				GCC_WARN_UNDECLARED_SELECTOR = YES;
				GCC_WARN_UNINITIALIZED_AUTOS = YES_AGGRESSIVE;
				GCC_WARN_UNUSED_FUNCTION = YES;
				GCC_WARN_UNUSED_VARIABLE = YES;
				IPHONEOS_DEPLOYMENT_TARGET = 15.5;
				MTL_ENABLE_DEBUG_INFO = INCLUDE_SOURCE;
				MTL_FAST_MATH = YES;
				ONLY_ACTIVE_ARCH = YES;
				SDKROOT = iphoneos;
				SWIFT_ACTIVE_COMPILATION_CONDITIONS = DEBUG;
				SWIFT_OPTIMIZATION_LEVEL = "-Onone";
			};
			name = Debug;
		};
		D0DA44E42884DDEE00D12714 /* Release */ = {
			isa = XCBuildConfiguration;
			buildSettings = {
				ALWAYS_SEARCH_USER_PATHS = NO;
				CLANG_ANALYZER_NONNULL = YES;
				CLANG_ANALYZER_NUMBER_OBJECT_CONVERSION = YES_AGGRESSIVE;
				CLANG_CXX_LANGUAGE_STANDARD = "gnu++17";
				CLANG_ENABLE_MODULES = YES;
				CLANG_ENABLE_OBJC_ARC = YES;
				CLANG_ENABLE_OBJC_WEAK = YES;
				CLANG_WARN_BLOCK_CAPTURE_AUTORELEASING = YES;
				CLANG_WARN_BOOL_CONVERSION = YES;
				CLANG_WARN_COMMA = YES;
				CLANG_WARN_CONSTANT_CONVERSION = YES;
				CLANG_WARN_DEPRECATED_OBJC_IMPLEMENTATIONS = YES;
				CLANG_WARN_DIRECT_OBJC_ISA_USAGE = YES_ERROR;
				CLANG_WARN_DOCUMENTATION_COMMENTS = YES;
				CLANG_WARN_EMPTY_BODY = YES;
				CLANG_WARN_ENUM_CONVERSION = YES;
				CLANG_WARN_INFINITE_RECURSION = YES;
				CLANG_WARN_INT_CONVERSION = YES;
				CLANG_WARN_NON_LITERAL_NULL_CONVERSION = YES;
				CLANG_WARN_OBJC_IMPLICIT_RETAIN_SELF = YES;
				CLANG_WARN_OBJC_LITERAL_CONVERSION = YES;
				CLANG_WARN_OBJC_ROOT_CLASS = YES_ERROR;
				CLANG_WARN_QUOTED_INCLUDE_IN_FRAMEWORK_HEADER = YES;
				CLANG_WARN_RANGE_LOOP_ANALYSIS = YES;
				CLANG_WARN_STRICT_PROTOTYPES = YES;
				CLANG_WARN_SUSPICIOUS_MOVE = YES;
				CLANG_WARN_UNGUARDED_AVAILABILITY = YES_AGGRESSIVE;
				CLANG_WARN_UNREACHABLE_CODE = YES;
				CLANG_WARN__DUPLICATE_METHOD_MATCH = YES;
				COPY_PHASE_STRIP = NO;
				DEBUG_INFORMATION_FORMAT = "dwarf-with-dsym";
				ENABLE_NS_ASSERTIONS = NO;
				ENABLE_STRICT_OBJC_MSGSEND = YES;
				GCC_C_LANGUAGE_STANDARD = gnu11;
				GCC_NO_COMMON_BLOCKS = YES;
				GCC_WARN_64_TO_32_BIT_CONVERSION = YES;
				GCC_WARN_ABOUT_RETURN_TYPE = YES_ERROR;
				GCC_WARN_UNDECLARED_SELECTOR = YES;
				GCC_WARN_UNINITIALIZED_AUTOS = YES_AGGRESSIVE;
				GCC_WARN_UNUSED_FUNCTION = YES;
				GCC_WARN_UNUSED_VARIABLE = YES;
				IPHONEOS_DEPLOYMENT_TARGET = 15.5;
				MTL_ENABLE_DEBUG_INFO = NO;
				MTL_FAST_MATH = YES;
				SDKROOT = iphoneos;
				SWIFT_COMPILATION_MODE = wholemodule;
				SWIFT_OPTIMIZATION_LEVEL = "-O";
				VALIDATE_PRODUCT = YES;
			};
			name = Release;
		};
		D0DA44E62884DDEE00D12714 /* Debug */ = {
			isa = XCBuildConfiguration;
			buildSettings = {
				ASSETCATALOG_COMPILER_APPICON_NAME = AppIcon;
				ASSETCATALOG_COMPILER_GLOBAL_ACCENT_COLOR_NAME = AccentColor;
				CODE_SIGN_STYLE = Automatic;
				CURRENT_PROJECT_VERSION = 1;
				GENERATE_INFOPLIST_FILE = YES;
				INFOPLIST_FILE = SeSac3TrendMedia/Info.plist;
				INFOPLIST_KEY_UIApplicationSupportsIndirectInputEvents = YES;
				INFOPLIST_KEY_UILaunchStoryboardName = LaunchScreen;
				INFOPLIST_KEY_UIMainStoryboardFile = Shopping;
				INFOPLIST_KEY_UISupportedInterfaceOrientations_iPad = "UIInterfaceOrientationPortrait UIInterfaceOrientationPortraitUpsideDown UIInterfaceOrientationLandscapeLeft UIInterfaceOrientationLandscapeRight";
				INFOPLIST_KEY_UISupportedInterfaceOrientations_iPhone = "UIInterfaceOrientationPortrait UIInterfaceOrientationLandscapeLeft UIInterfaceOrientationLandscapeRight";
				IPHONEOS_DEPLOYMENT_TARGET = 13.0;
				LD_RUNPATH_SEARCH_PATHS = (
					"$(inherited)",
					"@executable_path/Frameworks",
				);
				MARKETING_VERSION = 1.0;
				PRODUCT_BUNDLE_IDENTIFIER = com.DongHee.SeSac3TrendMedia;
				PRODUCT_NAME = "$(TARGET_NAME)";
				SWIFT_EMIT_LOC_STRINGS = YES;
				SWIFT_VERSION = 5.0;
				TARGETED_DEVICE_FAMILY = 1;
			};
			name = Debug;
		};
		D0DA44E72884DDEE00D12714 /* Release */ = {
			isa = XCBuildConfiguration;
			buildSettings = {
				ASSETCATALOG_COMPILER_APPICON_NAME = AppIcon;
				ASSETCATALOG_COMPILER_GLOBAL_ACCENT_COLOR_NAME = AccentColor;
				CODE_SIGN_STYLE = Automatic;
				CURRENT_PROJECT_VERSION = 1;
				GENERATE_INFOPLIST_FILE = YES;
				INFOPLIST_FILE = SeSac3TrendMedia/Info.plist;
				INFOPLIST_KEY_UIApplicationSupportsIndirectInputEvents = YES;
				INFOPLIST_KEY_UILaunchStoryboardName = LaunchScreen;
				INFOPLIST_KEY_UIMainStoryboardFile = Shopping;
				INFOPLIST_KEY_UISupportedInterfaceOrientations_iPad = "UIInterfaceOrientationPortrait UIInterfaceOrientationPortraitUpsideDown UIInterfaceOrientationLandscapeLeft UIInterfaceOrientationLandscapeRight";
				INFOPLIST_KEY_UISupportedInterfaceOrientations_iPhone = "UIInterfaceOrientationPortrait UIInterfaceOrientationLandscapeLeft UIInterfaceOrientationLandscapeRight";
				IPHONEOS_DEPLOYMENT_TARGET = 13.0;
				LD_RUNPATH_SEARCH_PATHS = (
					"$(inherited)",
					"@executable_path/Frameworks",
				);
				MARKETING_VERSION = 1.0;
				PRODUCT_BUNDLE_IDENTIFIER = com.DongHee.SeSac3TrendMedia;
				PRODUCT_NAME = "$(TARGET_NAME)";
				SWIFT_EMIT_LOC_STRINGS = YES;
				SWIFT_VERSION = 5.0;
				TARGETED_DEVICE_FAMILY = 1;
			};
			name = Release;
		};
/* End XCBuildConfiguration section */

/* Begin XCConfigurationList section */
		D0DA44CC2884DDED00D12714 /* Build configuration list for PBXProject "SeSac3TrendMedia" */ = {
			isa = XCConfigurationList;
			buildConfigurations = (
				D0DA44E32884DDEE00D12714 /* Debug */,
				D0DA44E42884DDEE00D12714 /* Release */,
			);
			defaultConfigurationIsVisible = 0;
			defaultConfigurationName = Release;
		};
		D0DA44E52884DDEE00D12714 /* Build configuration list for PBXNativeTarget "SeSac3TrendMedia" */ = {
			isa = XCConfigurationList;
			buildConfigurations = (
				D0DA44E62884DDEE00D12714 /* Debug */,
				D0DA44E72884DDEE00D12714 /* Release */,
			);
			defaultConfigurationIsVisible = 0;
			defaultConfigurationName = Release;
		};
/* End XCConfigurationList section */
	};
	rootObject = D0DA44C92884DDED00D12714 /* Project object */;
}
